
Microsoft Visual Studio Solution File, Format Version 12.00
# Visual Studio Version 17
VisualStudioVersion = 17.9.34728.123
MinimumVisualStudioVersion = 10.0.40219.1
Project("{FAE04EC0-301F-11D3-BF4B-00C04F79EFBC}") = "WindowsFormsApp1", "WindowsFormsApp1\WindowsFormsApp1.csproj", "{8EC00990-2B0F-4EBF-817E-9DFA9B99BFF7}"
EndProject
Project("{2150E333-8FDC-42A3-9474-1A3956D46DE8}") = "Solution Items", "Solution Items", "{5384F03F-5163-4850-B86E-D02F6F275268}"
EndProject
Global
	GlobalSection(SolutionConfigurationPlatforms) = preSolution
		Debug|Any CPU = Debug|Any CPU
		Release|Any CPU = Release|Any CPU
	EndGlobalSection
	GlobalSection(ProjectConfigurationPlatforms) = postSolution
		{8EC00990-2B0F-4EBF-817E-9DFA9B99BFF7}.Debug|Any CPU.ActiveCfg = Debug|Any CPU
		{8EC00990-2B0F-4EBF-817E-9DFA9B99BFF7}.Debug|Any CPU.Build.0 = Debug|Any CPU
		{8EC00990-2B0F-4EBF-817E-9DFA9B99BFF7}.Release|Any CPU.ActiveCfg = Release|Any CPU
		{8EC00990-2B0F-4EBF-817E-9DFA9B99BFF7}.Release|Any CPU.Build.0 = Release|Any CPU
	EndGlobalSection
	GlobalSection(SolutionProperties) = preSolution
		HideSolutionNode = FALSE
	EndGlobalSection
	GlobalSection(ExtensibilityGlobals) = postSolution
		SolutionGuid = {5C3969C9-79C2-436F-A584-D46FE28D7C9D}
	EndGlobalSection
EndGlobal
